
Microsoft Visual Studio Solution File, Format Version 12.00
# Visual Studio 2012
Project("{FAE04EC0-301F-11D3-BF4B-00C04F79EFBC}") = "语音聊天测试(调用写好的exe的方式).CSharp", "语音聊天测试(调用写好的exe的方式).CSharp.csproj", "{0D307380-F684-289C-5041-CC1538FBC6D7}"
EndProject
Global
	GlobalSection(SolutionConfigurationPlatforms) = preSolution
		Debug|Any CPU = Debug|Any CPU
		Release|Any CPU = Release|Any CPU
	EndGlobalSection
	GlobalSection(ProjectConfigurationPlatforms) = postSolution
		{0D307380-F684-289C-5041-CC1538FBC6D7}.Debug|Any CPU.ActiveCfg = Debug|Any CPU
		{0D307380-F684-289C-5041-CC1538FBC6D7}.Debug|Any CPU.Build.0 = Debug|Any CPU
		{0D307380-F684-289C-5041-CC1538FBC6D7}.Release|Any CPU.ActiveCfg = Release|Any CPU
		{0D307380-F684-289C-5041-CC1538FBC6D7}.Release|Any CPU.Build.0 = Release|Any CPU
	EndGlobalSection
	GlobalSection(SolutionProperties) = preSolution
		HideSolutionNode = FALSE
	EndGlobalSection
EndGlobal
