
Microsoft Visual Studio Solution File, Format Version 11.00
# Visual Studio 2010
Project("{FAE04EC0-301F-11D3-BF4B-00C04F79EFBC}") = "总的代码", "Assembly-CSharp.csproj", "{558FD9A8-9B65-138E-05FE-0F8310E3077A}"
EndProject
Global
	GlobalSection(SolutionConfigurationPlatforms) = preSolution
		Debug|Any CPU = Debug|Any CPU
		Release|Any CPU = Release|Any CPU
	EndGlobalSection
	GlobalSection(ProjectConfigurationPlatforms) = postSolution
		{558FD9A8-9B65-138E-05FE-0F8310E3077A}.Debug|Any CPU.ActiveCfg = Debug|Any CPU
		{558FD9A8-9B65-138E-05FE-0F8310E3077A}.Debug|Any CPU.Build.0 = Debug|Any CPU
		{558FD9A8-9B65-138E-05FE-0F8310E3077A}.Release|Any CPU.ActiveCfg = Release|Any CPU
		{558FD9A8-9B65-138E-05FE-0F8310E3077A}.Release|Any CPU.Build.0 = Release|Any CPU
	EndGlobalSection
	GlobalSection(SolutionProperties) = preSolution
		HideSolutionNode = FALSE
	EndGlobalSection
	GlobalSection(MonoDevelopProperties) = preSolution
		StartupItem = Assembly-CSharp.csproj
	EndGlobalSection
EndGlobal
