
Microsoft Visual Studio Solution File, Format Version 12.00
# Visual Studio 2012
Project("{FAE04EC0-301F-11D3-BF4B-00C04F79EFBC}") = "习题管理系统", "习题管理系统\习题管理系统.csproj", "{A11BE64F-B350-4838-AF3F-B8E752695CA7}"
EndProject
Project("{FAE04EC0-301F-11D3-BF4B-00C04F79EFBC}") = "Model", "Model\Model.csproj", "{ED9F6DDA-C71A-4D7C-8E42-AC8C00C51585}"
EndProject
Project("{FAE04EC0-301F-11D3-BF4B-00C04F79EFBC}") = "DAL", "DAL\DAL.csproj", "{9EF01431-BB87-416C-9963-C736D08F053D}"
EndProject
Project("{FAE04EC0-301F-11D3-BF4B-00C04F79EFBC}") = "BLL", "BLL\BLL.csproj", "{486A1D53-86E8-4039-A760-B566460A70A9}"
EndProject
Global
	GlobalSection(SolutionConfigurationPlatforms) = preSolution
		Debug|Any CPU = Debug|Any CPU
		Release|Any CPU = Release|Any CPU
	EndGlobalSection
	GlobalSection(ProjectConfigurationPlatforms) = postSolution
		{A11BE64F-B350-4838-AF3F-B8E752695CA7}.Debug|Any CPU.ActiveCfg = Debug|Any CPU
		{A11BE64F-B350-4838-AF3F-B8E752695CA7}.Debug|Any CPU.Build.0 = Debug|Any CPU
		{A11BE64F-B350-4838-AF3F-B8E752695CA7}.Release|Any CPU.ActiveCfg = Release|Any CPU
		{A11BE64F-B350-4838-AF3F-B8E752695CA7}.Release|Any CPU.Build.0 = Release|Any CPU
		{ED9F6DDA-C71A-4D7C-8E42-AC8C00C51585}.Debug|Any CPU.ActiveCfg = Debug|Any CPU
		{ED9F6DDA-C71A-4D7C-8E42-AC8C00C51585}.Debug|Any CPU.Build.0 = Debug|Any CPU
		{ED9F6DDA-C71A-4D7C-8E42-AC8C00C51585}.Release|Any CPU.ActiveCfg = Release|Any CPU
		{ED9F6DDA-C71A-4D7C-8E42-AC8C00C51585}.Release|Any CPU.Build.0 = Release|Any CPU
		{9EF01431-BB87-416C-9963-C736D08F053D}.Debug|Any CPU.ActiveCfg = Debug|Any CPU
		{9EF01431-BB87-416C-9963-C736D08F053D}.Debug|Any CPU.Build.0 = Debug|Any CPU
		{9EF01431-BB87-416C-9963-C736D08F053D}.Release|Any CPU.ActiveCfg = Release|Any CPU
		{9EF01431-BB87-416C-9963-C736D08F053D}.Release|Any CPU.Build.0 = Release|Any CPU
		{486A1D53-86E8-4039-A760-B566460A70A9}.Debug|Any CPU.ActiveCfg = Debug|Any CPU
		{486A1D53-86E8-4039-A760-B566460A70A9}.Debug|Any CPU.Build.0 = Debug|Any CPU
		{486A1D53-86E8-4039-A760-B566460A70A9}.Release|Any CPU.ActiveCfg = Release|Any CPU
		{486A1D53-86E8-4039-A760-B566460A70A9}.Release|Any CPU.Build.0 = Release|Any CPU
	EndGlobalSection
	GlobalSection(SolutionProperties) = preSolution
		HideSolutionNode = FALSE
	EndGlobalSection
EndGlobal
